{
  "version": 4,
  "terraform_version": "1.0.11",
  "serial": 4,
  "lineage": "22654575-528b-b06c-2386-ab5e783a093f",
  "outputs": {},
  "resources": [
    {
      "mode": "managed",
      "type": "github_team",
      "name": "all",
      "provider": "provider[\"registry.terraform.io/hashicorp/github\"]",
      "instances": [
        {
          "index_key": "Development Team",
          "schema_version": 0,
          "attributes": {
            "create_default_maintainer": true,
            "description": "Development Team [Application Development]",
            "etag": "W/\"dc76c41edc9584c91a95223098314190f348be5d520f39517595b5ea3e161f3e\"",
            "id": "5384510",
            "ldap_dn": "",
            "members_count": 1,
            "name": "Development Team",
            "node_id": "T_kwDOBaEKx84AUik-",
            "parent_team_id": null,
            "privacy": "closed",
            "slug": "development-team"
          },
          "sensitive_attributes": [],
          "private": "bnVsbA=="
        },
        {
          "index_key": "Release Team",
          "schema_version": 0,
          "attributes": {
            "create_default_maintainer": true,
            "description": "Release Team [Pre-Production and Production Release]",
            "etag": "W/\"755447bb8f687ef6fe38873aec5f5c3791c8a7217a3b4ff4dab7edddbd8dfa48\"",
            "id": "5384511",
            "ldap_dn": "",
            "members_count": 1,
            "name": "Release Team",
            "node_id": "T_kwDOBaEKx84AUik_",
            "parent_team_id": null,
            "privacy": "closed",
            "slug": "release-team"
          },
          "sensitive_attributes": [],
          "private": "bnVsbA=="
        },
        {
          "index_key": "Testing Team",
          "schema_version": 0,
          "attributes": {
            "create_default_maintainer": true,
            "description": "Testing Team [Application Testing]",
            "etag": "W/\"af1e139bb3b30c58242578d26524c38593ce40eff53a70415b76502ceb4897fc\"",
            "id": "5384509",
            "ldap_dn": "",
            "members_count": 1,
            "name": "Testing Team",
            "node_id": "T_kwDOBaEKx84AUik9",
            "parent_team_id": null,
            "privacy": "closed",
            "slug": "testing-team"
          },
          "sensitive_attributes": [],
          "private": "bnVsbA=="
        }
      ]
    }
  ]
}
